
Microsoft Visual Studio Solution File, Format Version 12.00
# Visual Studio 2015
Project("{FAE04EC0-301F-11D3-BF4B-00C04F79EFBC}") = "ICS161-Game3.CSharp", "ICS161-Game3.CSharp.csproj", "{E007CB13-1425-8C0E-29DC-8BD86054D6CF}"
EndProject
Global
	GlobalSection(SolutionConfigurationPlatforms) = preSolution
		Debug|Any CPU = Debug|Any CPU
		Release|Any CPU = Release|Any CPU
	EndGlobalSection
	GlobalSection(ProjectConfigurationPlatforms) = postSolution
		{E007CB13-1425-8C0E-29DC-8BD86054D6CF}.Debug|Any CPU.ActiveCfg = Debug|Any CPU
		{E007CB13-1425-8C0E-29DC-8BD86054D6CF}.Debug|Any CPU.Build.0 = Debug|Any CPU
		{E007CB13-1425-8C0E-29DC-8BD86054D6CF}.Release|Any CPU.ActiveCfg = Release|Any CPU
		{E007CB13-1425-8C0E-29DC-8BD86054D6CF}.Release|Any CPU.Build.0 = Release|Any CPU
	EndGlobalSection
	GlobalSection(SolutionProperties) = preSolution
		HideSolutionNode = FALSE
	EndGlobalSection
EndGlobal
